PODS:
  - bloc_logic (0.0.1):
    - Flutter
  - Flutter (1.0.0)

DEPENDENCIES:
  - bloc_logic (from `.symlinks/plugins/bloc_logic/ios`)
  - Flutter (from `Flutter`)

EXTERNAL SOURCES:
  bloc_logic:
    :path: ".symlinks/plugins/bloc_logic/ios"
  Flutter:
    :path: Flutter

SPEC CHECKSUMS:
  bloc_logic: e60499ec6cd459435028616d5721871a25b5c2d7
  Flutter: 0e3d915762c693b495b44d77113d4970485de6ec

PODFILE CHECKSUM: aafe91acc616949ddb318b77800a7f51bffa2a4c

COCOAPODS: 1.10.0
